
Microsoft Visual Studio Solution File, Format Version 12.00
# Visual Studio Version 17
VisualStudioVersion = 17.7.34003.232
MinimumVisualStudioVersion = 10.0.40219.1
Project("{FAE04EC0-301F-11D3-BF4B-00C04F79EFBC}") = "ProyectoClase", "ProyectoClase\ProyectoClase.csproj", "{C3461C30-B40B-4187-AC93-9C080D22C6EA}"
EndProject
Global
	GlobalSection(SolutionConfigurationPlatforms) = preSolution
		Debug|Any CPU = Debug|Any CPU
		Release|Any CPU = Release|Any CPU
	EndGlobalSection
	GlobalSection(ProjectConfigurationPlatforms) = postSolution
		{C3461C30-B40B-4187-AC93-9C080D22C6EA}.Debug|Any CPU.ActiveCfg = Debug|Any CPU
		{C3461C30-B40B-4187-AC93-9C080D22C6EA}.Debug|Any CPU.Build.0 = Debug|Any CPU
		{C3461C30-B40B-4187-AC93-9C080D22C6EA}.Release|Any CPU.ActiveCfg = Release|Any CPU
		{C3461C30-B40B-4187-AC93-9C080D22C6EA}.Release|Any CPU.Build.0 = Release|Any CPU
	EndGlobalSection
	GlobalSection(SolutionProperties) = preSolution
		HideSolutionNode = FALSE
	EndGlobalSection
	GlobalSection(ExtensibilityGlobals) = postSolution
		SolutionGuid = {D7D5AFA6-4B08-4105-BC7B-74E84F8621D7}
	EndGlobalSection
EndGlobal
